
Microsoft Visual Studio Solution File, Format Version 12.00
# Visual Studio Version 17
VisualStudioVersion = 17.2.32414.248
MinimumVisualStudioVersion = 10.0.40219.1
Project("{9A19103F-16F7-4668-BE54-9A1E7A4F7556}") = "CurrencyConverter.Web", "CurrencyConverter.Web\CurrencyConverter.Web.csproj", "{897F4FAD-7E29-4F8C-A9D7-92DFC5C328A1}"
EndProject
Project("{9A19103F-16F7-4668-BE54-9A1E7A4F7556}") = "CurrencyConverter.Core", "CurrencyConverter.Core\CurrencyConverter.Core.csproj", "{43DF45F3-E634-4272-B0F7-F7D821182ED7}"
EndProject
Project("{FAE04EC0-301F-11D3-BF4B-00C04F79EFBC}") = "CurrencyConverter.DataLayer", "CurrencyConverter.DataLayer\CurrencyConverter.DataLayer.csproj", "{E3959375-AB63-4D63-9D91-6B6AE0949A01}"
EndProject
Global
	GlobalSection(SolutionConfigurationPlatforms) = preSolution
		Debug|Any CPU = Debug|Any CPU
		Release|Any CPU = Release|Any CPU
	EndGlobalSection
	GlobalSection(ProjectConfigurationPlatforms) = postSolution
		{897F4FAD-7E29-4F8C-A9D7-92DFC5C328A1}.Debug|Any CPU.ActiveCfg = Debug|Any CPU
		{897F4FAD-7E29-4F8C-A9D7-92DFC5C328A1}.Debug|Any CPU.Build.0 = Debug|Any CPU
		{897F4FAD-7E29-4F8C-A9D7-92DFC5C328A1}.Release|Any CPU.ActiveCfg = Release|Any CPU
		{897F4FAD-7E29-4F8C-A9D7-92DFC5C328A1}.Release|Any CPU.Build.0 = Release|Any CPU
		{43DF45F3-E634-4272-B0F7-F7D821182ED7}.Debug|Any CPU.ActiveCfg = Debug|Any CPU
		{43DF45F3-E634-4272-B0F7-F7D821182ED7}.Debug|Any CPU.Build.0 = Debug|Any CPU
		{43DF45F3-E634-4272-B0F7-F7D821182ED7}.Release|Any CPU.ActiveCfg = Release|Any CPU
		{43DF45F3-E634-4272-B0F7-F7D821182ED7}.Release|Any CPU.Build.0 = Release|Any CPU
		{E3959375-AB63-4D63-9D91-6B6AE0949A01}.Debug|Any CPU.ActiveCfg = Debug|Any CPU
		{E3959375-AB63-4D63-9D91-6B6AE0949A01}.Debug|Any CPU.Build.0 = Debug|Any CPU
		{E3959375-AB63-4D63-9D91-6B6AE0949A01}.Release|Any CPU.ActiveCfg = Release|Any CPU
		{E3959375-AB63-4D63-9D91-6B6AE0949A01}.Release|Any CPU.Build.0 = Release|Any CPU
	EndGlobalSection
	GlobalSection(SolutionProperties) = preSolution
		HideSolutionNode = FALSE
	EndGlobalSection
	GlobalSection(ExtensibilityGlobals) = postSolution
		SolutionGuid = {DBEDD32C-902C-43C3-9AA3-A064D9ACB820}
	EndGlobalSection
EndGlobal
